{
  "name": "grid-client-core",
  "version": "0.0.19",
  "lockfileVersion": 1,
  "requires": true,
  "dependencies": {
    "@types/lodash": {
      "version": "4.14.85",
      "resolved": "https://registry.npmjs.org/@types/lodash/-/lodash-4.14.85.tgz",
      "integrity": "sha512-HrZiwDl62if0z31+rB99CLlg7WzS7b+KmyW75XAHEl/ZG0De2ACo6skZ89Zh3jOWkjKObN0Apq3MUezg7u9NKQ=="
    },
    "@types/node": {
      "version": "6.0.92",
      "resolved": "https://registry.npmjs.org/@types/node/-/node-6.0.92.tgz",
      "integrity": "sha512-awEYSSTn7dauwVCYSx2CJaPTu0Z1Ht2oR1b2AD3CYao6ZRb+opb6EL43fzmD7eMFgMHzTBWSUzlWSD+S8xN0Nw=="
    },
    "autoscalable-grid": {
      "version": "git+https://github.com/wchang28/autoscalable-grid.git#1aebf9efb5b3542860c480c92ffb16499b067857"
    },
    "es6-promise": {
      "version": "4.1.1",
      "resolved": "https://registry.npmjs.org/es6-promise/-/es6-promise-4.1.1.tgz",
      "integrity": "sha512-OaU1hHjgJf+b0NzsxCg7NdIYERD6Hy/PEmFLTjw+b65scuisG3Kt4QoTvJ66BBkPZ581gr0kpoVzKnxniM8nng=="
    },
    "eventsource-typings": {
      "version": "git+https://github.com/wchang28/eventsource-typings.git#fc5b6775c46aacb1821de73a98d587e1ee557452"
    },
    "lodash": {
      "version": "4.17.4",
      "resolved": "https://registry.npmjs.org/lodash/-/lodash-4.17.4.tgz",
      "integrity": "sha1-eCA6TRwyiuHYbcpkYONptX9AVa4="
    },
    "oauth2": {
      "version": "git+https://github.com/wchang28/oauth2.git#5ae72c2067d06efcb0c55119f73dfc6caed6ed30",
      "requires": {
        "rest-api-interfaces": "git+https://github.com/wchang28/rest-api-interfaces.git#b5fb895a5537d92c7a22cc043198da087c8dbce8"
      }
    },
    "rcf": {
      "version": "git+https://github.com/wchang28/rcf.git#ee56a0218d0c2092065f8bb92fff34b6a7d3a11c",
      "requires": {
        "@types/lodash": "4.14.85",
        "@types/node": "6.0.92",
        "es6-promise": "4.1.1",
        "eventsource-typings": "git+https://github.com/wchang28/eventsource-typings.git#fc5b6775c46aacb1821de73a98d587e1ee557452",
        "lodash": "4.17.4",
        "oauth2": "git+https://github.com/wchang28/oauth2.git#5ae72c2067d06efcb0c55119f73dfc6caed6ed30",
        "rest-api-interfaces": "git+https://github.com/wchang28/rest-api-interfaces.git#b5fb895a5537d92c7a22cc043198da087c8dbce8",
        "rest-driver": "git+https://github.com/wchang28/rest-driver.git#bf04f9a26516eee8132158f0bd45f23258dbe498"
      }
    },
    "rest-api-interfaces": {
      "version": "git+https://github.com/wchang28/rest-api-interfaces.git#b5fb895a5537d92c7a22cc043198da087c8dbce8"
    },
    "rest-driver": {
      "version": "git+https://github.com/wchang28/rest-driver.git#bf04f9a26516eee8132158f0bd45f23258dbe498",
      "requires": {
        "eventsource-typings": "git+https://github.com/wchang28/eventsource-typings.git#fc5b6775c46aacb1821de73a98d587e1ee557452",
        "rest-api-interfaces": "git+https://github.com/wchang28/rest-api-interfaces.git#b5fb895a5537d92c7a22cc043198da087c8dbce8"
      }
    }
  }
}
